
Microsoft Visual Studio Solution File, Format Version 12.00
# Visual Studio Version 16
VisualStudioVersion = 16.0.29806.167
MinimumVisualStudioVersion = 15.0.26124.0
Project("{9A19103F-16F7-4668-BE54-9A1E7A4F7556}") = "Hocon", "src\Hocon\Hocon.csproj", "{8F1FACF1-B25D-42A3-98A6-78BDD403378B}"
EndProject
Project("{9A19103F-16F7-4668-BE54-9A1E7A4F7556}") = "Hocon.Tests", "src\Hocon.Tests\Hocon.Tests.csproj", "{1E44F038-FAC9-47B7-949E-B6548A00BC9A}"
EndProject
Global
	GlobalSection(SolutionConfigurationPlatforms) = preSolution
		Debug|Any CPU = Debug|Any CPU
		Debug|x64 = Debug|x64
		Debug|x86 = Debug|x86
		Release|Any CPU = Release|Any CPU
		Release|x64 = Release|x64
		Release|x86 = Release|x86
	EndGlobalSection
	GlobalSection(ProjectConfigurationPlatforms) = postSolution
		{8F1FACF1-B25D-42A3-98A6-78BDD403378B}.Debug|Any CPU.ActiveCfg = Debug|Any CPU
		{8F1FACF1-B25D-42A3-98A6-78BDD403378B}.Debug|Any CPU.Build.0 = Debug|Any CPU
		{8F1FACF1-B25D-42A3-98A6-78BDD403378B}.Debug|x64.ActiveCfg = Debug|Any CPU
		{8F1FACF1-B25D-42A3-98A6-78BDD403378B}.Debug|x64.Build.0 = Debug|Any CPU
		{8F1FACF1-B25D-42A3-98A6-78BDD403378B}.Debug|x86.ActiveCfg = Debug|Any CPU
		{8F1FACF1-B25D-42A3-98A6-78BDD403378B}.Debug|x86.Build.0 = Debug|Any CPU
		{8F1FACF1-B25D-42A3-98A6-78BDD403378B}.Release|Any CPU.ActiveCfg = Release|Any CPU
		{8F1FACF1-B25D-42A3-98A6-78BDD403378B}.Release|Any CPU.Build.0 = Release|Any CPU
		{8F1FACF1-B25D-42A3-98A6-78BDD403378B}.Release|x64.ActiveCfg = Release|Any CPU
		{8F1FACF1-B25D-42A3-98A6-78BDD403378B}.Release|x64.Build.0 = Release|Any CPU
		{8F1FACF1-B25D-42A3-98A6-78BDD403378B}.Release|x86.ActiveCfg = Release|Any CPU
		{8F1FACF1-B25D-42A3-98A6-78BDD403378B}.Release|x86.Build.0 = Release|Any CPU
		{1E44F038-FAC9-47B7-949E-B6548A00BC9A}.Debug|Any CPU.ActiveCfg = Debug|Any CPU
		{1E44F038-FAC9-47B7-949E-B6548A00BC9A}.Debug|Any CPU.Build.0 = Debug|Any CPU
		{1E44F038-FAC9-47B7-949E-B6548A00BC9A}.Debug|x64.ActiveCfg = Debug|Any CPU
		{1E44F038-FAC9-47B7-949E-B6548A00BC9A}.Debug|x64.Build.0 = Debug|Any CPU
		{1E44F038-FAC9-47B7-949E-B6548A00BC9A}.Debug|x86.ActiveCfg = Debug|Any CPU
		{1E44F038-FAC9-47B7-949E-B6548A00BC9A}.Debug|x86.Build.0 = Debug|Any CPU
		{1E44F038-FAC9-47B7-949E-B6548A00BC9A}.Release|Any CPU.ActiveCfg = Release|Any CPU
		{1E44F038-FAC9-47B7-949E-B6548A00BC9A}.Release|Any CPU.Build.0 = Release|Any CPU
		{1E44F038-FAC9-47B7-949E-B6548A00BC9A}.Release|x64.ActiveCfg = Release|Any CPU
		{1E44F038-FAC9-47B7-949E-B6548A00BC9A}.Release|x64.Build.0 = Release|Any CPU
		{1E44F038-FAC9-47B7-949E-B6548A00BC9A}.Release|x86.ActiveCfg = Release|Any CPU
		{1E44F038-FAC9-47B7-949E-B6548A00BC9A}.Release|x86.Build.0 = Release|Any CPU
	EndGlobalSection
	GlobalSection(SolutionProperties) = preSolution
		HideSolutionNode = FALSE
	EndGlobalSection
	GlobalSection(ExtensibilityGlobals) = postSolution
		SolutionGuid = {22235F8F-2EEC-4D20-A2E3-BFAB897A4419}
	EndGlobalSection
EndGlobal
